
Microsoft Visual Studio Solution File, Format Version 12.00
# Visual Studio Version 17
VisualStudioVersion = 17.7.34003.232
MinimumVisualStudioVersion = 10.0.40219.1
Project("{FAE04EC0-301F-11D3-BF4B-00C04F79EFBC}") = "Objects_Lumpkin_Dalton", "Objects_Lumpkin_Dalton\Objects_Lumpkin_Dalton.csproj", "{45202BB9-0C6B-4B8A-9879-82996CE1E6B1}"
EndProject
Global
	GlobalSection(SolutionConfigurationPlatforms) = preSolution
		Debug|Any CPU = Debug|Any CPU
		Release|Any CPU = Release|Any CPU
	EndGlobalSection
	GlobalSection(ProjectConfigurationPlatforms) = postSolution
		{45202BB9-0C6B-4B8A-9879-82996CE1E6B1}.Debug|Any CPU.ActiveCfg = Debug|Any CPU
		{45202BB9-0C6B-4B8A-9879-82996CE1E6B1}.Debug|Any CPU.Build.0 = Debug|Any CPU
		{45202BB9-0C6B-4B8A-9879-82996CE1E6B1}.Release|Any CPU.ActiveCfg = Release|Any CPU
		{45202BB9-0C6B-4B8A-9879-82996CE1E6B1}.Release|Any CPU.Build.0 = Release|Any CPU
	EndGlobalSection
	GlobalSection(SolutionProperties) = preSolution
		HideSolutionNode = FALSE
	EndGlobalSection
	GlobalSection(ExtensibilityGlobals) = postSolution
		SolutionGuid = {86C495CE-2C41-498A-81CE-56F276545682}
	EndGlobalSection
EndGlobal
